
Microsoft Visual Studio Solution File, Format Version 12.00
# Visual Studio Version 17
VisualStudioVersion = 17.11.35327.3
MinimumVisualStudioVersion = 10.0.40219.1
Project("{FAE04EC0-301F-11D3-BF4B-00C04F79EFBC}") = "Documents_ilmasheva", "Documents_ilmasheva\Documents_ilmasheva.csproj", "{05189BFF-762D-4670-99C9-E15F8EAE9951}"
EndProject
Global
	GlobalSection(SolutionConfigurationPlatforms) = preSolution
		Debug|Any CPU = Debug|Any CPU
		Release|Any CPU = Release|Any CPU
	EndGlobalSection
	GlobalSection(ProjectConfigurationPlatforms) = postSolution
		{05189BFF-762D-4670-99C9-E15F8EAE9951}.Debug|Any CPU.ActiveCfg = Debug|Any CPU
		{05189BFF-762D-4670-99C9-E15F8EAE9951}.Debug|Any CPU.Build.0 = Debug|Any CPU
		{05189BFF-762D-4670-99C9-E15F8EAE9951}.Release|Any CPU.ActiveCfg = Release|Any CPU
		{05189BFF-762D-4670-99C9-E15F8EAE9951}.Release|Any CPU.Build.0 = Release|Any CPU
	EndGlobalSection
	GlobalSection(SolutionProperties) = preSolution
		HideSolutionNode = FALSE
	EndGlobalSection
	GlobalSection(ExtensibilityGlobals) = postSolution
		SolutionGuid = {51A792DB-E383-4F1F-B66B-BEB4E6EEC3BA}
	EndGlobalSection
EndGlobal
